
Microsoft Visual Studio Solution File, Format Version 12.00
# Visual Studio Version 16
VisualStudioVersion = 16.0.29613.14
MinimumVisualStudioVersion = 10.0.40219.1
Project("{FAE04EC0-301F-11D3-BF4B-00C04F79EFBC}") = "Notebook", "Notebook\Notebook.csproj", "{FA7D185B-DC78-4922-BDCD-D256918CD6FC}"
EndProject
Global
	GlobalSection(SolutionConfigurationPlatforms) = preSolution
		Debug|Any CPU = Debug|Any CPU
		Release|Any CPU = Release|Any CPU
	EndGlobalSection
	GlobalSection(ProjectConfigurationPlatforms) = postSolution
		{FA7D185B-DC78-4922-BDCD-D256918CD6FC}.Debug|Any CPU.ActiveCfg = Debug|Any CPU
		{FA7D185B-DC78-4922-BDCD-D256918CD6FC}.Debug|Any CPU.Build.0 = Debug|Any CPU
		{FA7D185B-DC78-4922-BDCD-D256918CD6FC}.Release|Any CPU.ActiveCfg = Release|Any CPU
		{FA7D185B-DC78-4922-BDCD-D256918CD6FC}.Release|Any CPU.Build.0 = Release|Any CPU
	EndGlobalSection
	GlobalSection(SolutionProperties) = preSolution
		HideSolutionNode = FALSE
	EndGlobalSection
	GlobalSection(ExtensibilityGlobals) = postSolution
		SolutionGuid = {D604AC59-F735-43B9-AA4F-DF4702A0E4DE}
	EndGlobalSection
EndGlobal
